
Microsoft Visual Studio Solution File, Format Version 12.00
# Visual Studio 15
VisualStudioVersion = 15.0.28307.489
MinimumVisualStudioVersion = 10.0.40219.1
Project("{FAE04EC0-301F-11D3-BF4B-00C04F79EFBC}") = "ECS_login_CodedUITest", "ECS_login_CodedUITest\ECS_login_CodedUITest.csproj", "{E22F56E1-652B-44EF-AF98-321E1C2D5AA9}"
EndProject
Global
	GlobalSection(SolutionConfigurationPlatforms) = preSolution
		Debug|Any CPU = Debug|Any CPU
		Release|Any CPU = Release|Any CPU
	EndGlobalSection
	GlobalSection(ProjectConfigurationPlatforms) = postSolution
		{E22F56E1-652B-44EF-AF98-321E1C2D5AA9}.Debug|Any CPU.ActiveCfg = Debug|Any CPU
		{E22F56E1-652B-44EF-AF98-321E1C2D5AA9}.Debug|Any CPU.Build.0 = Debug|Any CPU
		{E22F56E1-652B-44EF-AF98-321E1C2D5AA9}.Release|Any CPU.ActiveCfg = Release|Any CPU
		{E22F56E1-652B-44EF-AF98-321E1C2D5AA9}.Release|Any CPU.Build.0 = Release|Any CPU
	EndGlobalSection
	GlobalSection(SolutionProperties) = preSolution
		HideSolutionNode = FALSE
	EndGlobalSection
	GlobalSection(ExtensibilityGlobals) = postSolution
		SolutionGuid = {A4C3BF5C-EF1F-4721-8E2D-359CCAC6C453}
	EndGlobalSection
EndGlobal
